
Microsoft Visual Studio Solution File, Format Version 12.00
# Visual Studio Version 17
VisualStudioVersion = 17.11.35208.52
MinimumVisualStudioVersion = 10.0.40219.1
Project("{FAE04EC0-301F-11D3-BF4B-00C04F79EFBC}") = "graafinentehtava18", "graafinentehtava18\graafinentehtava18.csproj", "{1BC7D6EF-2B55-4321-8950-E7859BF088B8}"
EndProject
Global
	GlobalSection(SolutionConfigurationPlatforms) = preSolution
		Debug|Any CPU = Debug|Any CPU
		Release|Any CPU = Release|Any CPU
	EndGlobalSection
	GlobalSection(ProjectConfigurationPlatforms) = postSolution
		{1BC7D6EF-2B55-4321-8950-E7859BF088B8}.Debug|Any CPU.ActiveCfg = Debug|Any CPU
		{1BC7D6EF-2B55-4321-8950-E7859BF088B8}.Debug|Any CPU.Build.0 = Debug|Any CPU
		{1BC7D6EF-2B55-4321-8950-E7859BF088B8}.Release|Any CPU.ActiveCfg = Release|Any CPU
		{1BC7D6EF-2B55-4321-8950-E7859BF088B8}.Release|Any CPU.Build.0 = Release|Any CPU
	EndGlobalSection
	GlobalSection(SolutionProperties) = preSolution
		HideSolutionNode = FALSE
	EndGlobalSection
	GlobalSection(ExtensibilityGlobals) = postSolution
		SolutionGuid = {9B222F1A-9A34-416C-9F7B-68B795C3EB89}
	EndGlobalSection
EndGlobal
